
Microsoft Visual Studio Solution File, Format Version 12.00
# Visual Studio Version 16
VisualStudioVersion = 16.0.32630.194
MinimumVisualStudioVersion = 10.0.40219.1
Project("{FAE04EC0-301F-11D3-BF4B-00C04F79EFBC}") = "Parcing", "Parcing\Parcing.csproj", "{AFF84663-24A9-4502-B19E-D131F3867550}"
EndProject
Global
	GlobalSection(SolutionConfigurationPlatforms) = preSolution
		Debug|Any CPU = Debug|Any CPU
		Release|Any CPU = Release|Any CPU
	EndGlobalSection
	GlobalSection(ProjectConfigurationPlatforms) = postSolution
		{AFF84663-24A9-4502-B19E-D131F3867550}.Debug|Any CPU.ActiveCfg = Debug|Any CPU
		{AFF84663-24A9-4502-B19E-D131F3867550}.Debug|Any CPU.Build.0 = Debug|Any CPU
		{AFF84663-24A9-4502-B19E-D131F3867550}.Release|Any CPU.ActiveCfg = Release|Any CPU
		{AFF84663-24A9-4502-B19E-D131F3867550}.Release|Any CPU.Build.0 = Release|Any CPU
	EndGlobalSection
	GlobalSection(SolutionProperties) = preSolution
		HideSolutionNode = FALSE
	EndGlobalSection
	GlobalSection(ExtensibilityGlobals) = postSolution
		SolutionGuid = {4EA1BFA6-F1D2-4295-A9C7-7E1AF7585846}
	EndGlobalSection
EndGlobal
